
Microsoft Visual Studio Solution File, Format Version 12.00
# Visual Studio Version 16
VisualStudioVersion = 16.0.29613.14
MinimumVisualStudioVersion = 10.0.40219.1
Project("{9A19103F-16F7-4668-BE54-9A1E7A4F7556}") = "Fluent.ProcessCommunication", "Fluent.ProcessCommunication\Fluent.ProcessCommunication.csproj", "{C4D286BE-6164-4F0A-9C52-6E72DDF5AD23}"
EndProject
Project("{9A19103F-16F7-4668-BE54-9A1E7A4F7556}") = "Fluent.ProcessCommunication.Client.Test", "Fluent.ProcessCommunication.Test\Fluent.ProcessCommunication.Client.Test.csproj", "{625EE406-0B49-457E-AB16-2A35375D58BB}"
EndProject
Project("{9A19103F-16F7-4668-BE54-9A1E7A4F7556}") = "Fluent.ProcessCommunication.Server.Test", "Fluent.ProcessCommunication.Server.Test\Fluent.ProcessCommunication.Server.Test.csproj", "{28A667BA-3FAE-4001-91C2-5E38F4E19AEA}"
EndProject
Project("{FAE04EC0-301F-11D3-BF4B-00C04F79EFBC}") = "Fluent.ProcessCommunication.Test.Shared", "Fluent.ProcessCommunication.Server.Test.Shared\Fluent.ProcessCommunication.Test.Shared.csproj", "{145328A8-AC4F-49D8-92D3-980D569A3250}"
EndProject
Global
	GlobalSection(SolutionConfigurationPlatforms) = preSolution
		Debug|Any CPU = Debug|Any CPU
		Release|Any CPU = Release|Any CPU
	EndGlobalSection
	GlobalSection(ProjectConfigurationPlatforms) = postSolution
		{C4D286BE-6164-4F0A-9C52-6E72DDF5AD23}.Debug|Any CPU.ActiveCfg = Debug|Any CPU
		{C4D286BE-6164-4F0A-9C52-6E72DDF5AD23}.Debug|Any CPU.Build.0 = Debug|Any CPU
		{C4D286BE-6164-4F0A-9C52-6E72DDF5AD23}.Release|Any CPU.ActiveCfg = Release|Any CPU
		{C4D286BE-6164-4F0A-9C52-6E72DDF5AD23}.Release|Any CPU.Build.0 = Release|Any CPU
		{625EE406-0B49-457E-AB16-2A35375D58BB}.Debug|Any CPU.ActiveCfg = Debug|Any CPU
		{625EE406-0B49-457E-AB16-2A35375D58BB}.Debug|Any CPU.Build.0 = Debug|Any CPU
		{625EE406-0B49-457E-AB16-2A35375D58BB}.Release|Any CPU.ActiveCfg = Release|Any CPU
		{625EE406-0B49-457E-AB16-2A35375D58BB}.Release|Any CPU.Build.0 = Release|Any CPU
		{28A667BA-3FAE-4001-91C2-5E38F4E19AEA}.Debug|Any CPU.ActiveCfg = Debug|Any CPU
		{28A667BA-3FAE-4001-91C2-5E38F4E19AEA}.Debug|Any CPU.Build.0 = Debug|Any CPU
		{28A667BA-3FAE-4001-91C2-5E38F4E19AEA}.Release|Any CPU.ActiveCfg = Release|Any CPU
		{28A667BA-3FAE-4001-91C2-5E38F4E19AEA}.Release|Any CPU.Build.0 = Release|Any CPU
		{145328A8-AC4F-49D8-92D3-980D569A3250}.Debug|Any CPU.ActiveCfg = Debug|Any CPU
		{145328A8-AC4F-49D8-92D3-980D569A3250}.Debug|Any CPU.Build.0 = Debug|Any CPU
		{145328A8-AC4F-49D8-92D3-980D569A3250}.Release|Any CPU.ActiveCfg = Release|Any CPU
		{145328A8-AC4F-49D8-92D3-980D569A3250}.Release|Any CPU.Build.0 = Release|Any CPU
	EndGlobalSection
	GlobalSection(SolutionProperties) = preSolution
		HideSolutionNode = FALSE
	EndGlobalSection
	GlobalSection(ExtensibilityGlobals) = postSolution
		SolutionGuid = {47C3BDA6-8006-4D4A-9B8E-4E653B553C04}
	EndGlobalSection
EndGlobal
